
Microsoft Visual Studio Solution File, Format Version 12.00
# Visual Studio Version 16
VisualStudioVersion = 16.0.30114.105
MinimumVisualStudioVersion = 10.0.40219.1
Project("{F2A71F9B-5D33-465A-A702-920D77279786}") = "Enceladus", "Server\Enceladus.fsproj", "{6B90108B-CE29-4B07-9A5A-5645C6F5B282}"
EndProject
Project("{F2A71F9B-5D33-465A-A702-920D77279786}") = "Tests", "Tests\Tests.fsproj", "{5F4C737A-7833-4288-A797-6D410241E577}"
EndProject
Global
	GlobalSection(SolutionConfigurationPlatforms) = preSolution
		Debug|Any CPU = Debug|Any CPU
		Debug|x64 = Debug|x64
		Debug|x86 = Debug|x86
		Release|Any CPU = Release|Any CPU
		Release|x64 = Release|x64
		Release|x86 = Release|x86
	EndGlobalSection
	GlobalSection(SolutionProperties) = preSolution
		HideSolutionNode = FALSE
	EndGlobalSection
	GlobalSection(ProjectConfigurationPlatforms) = postSolution
		{6B90108B-CE29-4B07-9A5A-5645C6F5B282}.Debug|Any CPU.ActiveCfg = Debug|Any CPU
		{6B90108B-CE29-4B07-9A5A-5645C6F5B282}.Debug|Any CPU.Build.0 = Debug|Any CPU
		{6B90108B-CE29-4B07-9A5A-5645C6F5B282}.Debug|x64.ActiveCfg = Debug|Any CPU
		{6B90108B-CE29-4B07-9A5A-5645C6F5B282}.Debug|x64.Build.0 = Debug|Any CPU
		{6B90108B-CE29-4B07-9A5A-5645C6F5B282}.Debug|x86.ActiveCfg = Debug|Any CPU
		{6B90108B-CE29-4B07-9A5A-5645C6F5B282}.Debug|x86.Build.0 = Debug|Any CPU
		{6B90108B-CE29-4B07-9A5A-5645C6F5B282}.Release|Any CPU.ActiveCfg = Release|Any CPU
		{6B90108B-CE29-4B07-9A5A-5645C6F5B282}.Release|Any CPU.Build.0 = Release|Any CPU
		{6B90108B-CE29-4B07-9A5A-5645C6F5B282}.Release|x64.ActiveCfg = Release|Any CPU
		{6B90108B-CE29-4B07-9A5A-5645C6F5B282}.Release|x64.Build.0 = Release|Any CPU
		{6B90108B-CE29-4B07-9A5A-5645C6F5B282}.Release|x86.ActiveCfg = Release|Any CPU
		{6B90108B-CE29-4B07-9A5A-5645C6F5B282}.Release|x86.Build.0 = Release|Any CPU
		{5F4C737A-7833-4288-A797-6D410241E577}.Debug|Any CPU.ActiveCfg = Debug|Any CPU
		{5F4C737A-7833-4288-A797-6D410241E577}.Debug|Any CPU.Build.0 = Debug|Any CPU
		{5F4C737A-7833-4288-A797-6D410241E577}.Debug|x64.ActiveCfg = Debug|Any CPU
		{5F4C737A-7833-4288-A797-6D410241E577}.Debug|x64.Build.0 = Debug|Any CPU
		{5F4C737A-7833-4288-A797-6D410241E577}.Debug|x86.ActiveCfg = Debug|Any CPU
		{5F4C737A-7833-4288-A797-6D410241E577}.Debug|x86.Build.0 = Debug|Any CPU
		{5F4C737A-7833-4288-A797-6D410241E577}.Release|Any CPU.ActiveCfg = Release|Any CPU
		{5F4C737A-7833-4288-A797-6D410241E577}.Release|Any CPU.Build.0 = Release|Any CPU
		{5F4C737A-7833-4288-A797-6D410241E577}.Release|x64.ActiveCfg = Release|Any CPU
		{5F4C737A-7833-4288-A797-6D410241E577}.Release|x64.Build.0 = Release|Any CPU
		{5F4C737A-7833-4288-A797-6D410241E577}.Release|x86.ActiveCfg = Release|Any CPU
		{5F4C737A-7833-4288-A797-6D410241E577}.Release|x86.Build.0 = Release|Any CPU
	EndGlobalSection
EndGlobal
